
Microsoft Visual Studio Solution File, Format Version 12.00
# Visual Studio 14
VisualStudioVersion = 14.0.25420.1
MinimumVisualStudioVersion = 10.0.40219.1
Project("{FAE04EC0-301F-11D3-BF4B-00C04F79EFBC}") = "Tamagotchi", "Tamagotchi\Tamagotchi.csproj", "{0152E404-B18E-4EF8-8FD3-76EA8B4F5F65}"
EndProject
Project("{FAE04EC0-301F-11D3-BF4B-00C04F79EFBC}") = "Tamagotchi.Tests", "Tamagotchi.Tests\Tamagotchi.Tests.csproj", "{52AC94C2-A7F7-47CC-A96F-60C7502E8A2A}"
EndProject
Project("{2150E333-8FDC-42A3-9474-1A3956D46DE8}") = "Solution Items", "Solution Items", "{0B898713-781F-4539-9B20-48FFD389305D}"
	ProjectSection(SolutionItems) = preProject
		TODOS.txt = TODOS.txt
	EndProjectSection
EndProject
Project("{00D1A9C2-B5F0-4AF3-8072-F6C62B433612}") = "Database1", "Database1\Database1.sqlproj", "{E75DA38F-D929-4843-9AFC-A5317FD3AEC8}"
EndProject
Global
	GlobalSection(SolutionConfigurationPlatforms) = preSolution
		Debug|Any CPU = Debug|Any CPU
		Release|Any CPU = Release|Any CPU
	EndGlobalSection
	GlobalSection(ProjectConfigurationPlatforms) = postSolution
		{0152E404-B18E-4EF8-8FD3-76EA8B4F5F65}.Debug|Any CPU.ActiveCfg = Debug|Any CPU
		{0152E404-B18E-4EF8-8FD3-76EA8B4F5F65}.Debug|Any CPU.Build.0 = Debug|Any CPU
		{0152E404-B18E-4EF8-8FD3-76EA8B4F5F65}.Release|Any CPU.ActiveCfg = Release|Any CPU
		{0152E404-B18E-4EF8-8FD3-76EA8B4F5F65}.Release|Any CPU.Build.0 = Release|Any CPU
		{52AC94C2-A7F7-47CC-A96F-60C7502E8A2A}.Debug|Any CPU.ActiveCfg = Debug|Any CPU
		{52AC94C2-A7F7-47CC-A96F-60C7502E8A2A}.Debug|Any CPU.Build.0 = Debug|Any CPU
		{52AC94C2-A7F7-47CC-A96F-60C7502E8A2A}.Release|Any CPU.ActiveCfg = Release|Any CPU
		{52AC94C2-A7F7-47CC-A96F-60C7502E8A2A}.Release|Any CPU.Build.0 = Release|Any CPU
		{E75DA38F-D929-4843-9AFC-A5317FD3AEC8}.Debug|Any CPU.ActiveCfg = Debug|Any CPU
		{E75DA38F-D929-4843-9AFC-A5317FD3AEC8}.Debug|Any CPU.Build.0 = Debug|Any CPU
		{E75DA38F-D929-4843-9AFC-A5317FD3AEC8}.Debug|Any CPU.Deploy.0 = Debug|Any CPU
		{E75DA38F-D929-4843-9AFC-A5317FD3AEC8}.Release|Any CPU.ActiveCfg = Release|Any CPU
		{E75DA38F-D929-4843-9AFC-A5317FD3AEC8}.Release|Any CPU.Build.0 = Release|Any CPU
		{E75DA38F-D929-4843-9AFC-A5317FD3AEC8}.Release|Any CPU.Deploy.0 = Release|Any CPU
	EndGlobalSection
	GlobalSection(SolutionProperties) = preSolution
		HideSolutionNode = FALSE
	EndGlobalSection
EndGlobal
